// !$*UTF8*$!
{
	archiveVersion = 1;
	classes = {
	};
	objectVersion = 50;
	objects = {

/* Begin PBXBuildFile section */
		0D11A12223672B5000C17F61 /* AppDelegate.swift in Sources */ = {isa = PBXBuildFile; fileRef = 0D11A12123672B5000C17F61 /* AppDelegate.swift */; };
		0D11A12423672B5000C17F61 /* SceneDelegate.swift in Sources */ = {isa = PBXBuildFile; fileRef = 0D11A12323672B5000C17F61 /* SceneDelegate.swift */; };
		0D11A12823672B5200C17F61 /* Assets.xcassets in Resources */ = {isa = PBXBuildFile; fileRef = 0D11A12723672B5200C17F61 /* Assets.xcassets */; };
		0D11A12B23672B5200C17F61 /* Preview Assets.xcassets in Resources */ = {isa = PBXBuildFile; fileRef = 0D11A12A23672B5200C17F61 /* Preview Assets.xcassets */; };
		0D11A12E23672B5200C17F61 /* LaunchScreen.storyboard in Resources */ = {isa = PBXBuildFile; fileRef = 0D11A12C23672B5200C17F61 /* LaunchScreen.storyboard */; };
		0D55A54924910682007684B8 /* MasterService.swift in Sources */ = {isa = PBXBuildFile; fileRef = 0D55A54824910682007684B8 /* MasterService.swift */; };
		0D55A54B249106A5007684B8 /* EventService.swift in Sources */ = {isa = PBXBuildFile; fileRef = 0D55A54A249106A5007684B8 /* EventService.swift */; };
		0D55A54D249106BB007684B8 /* ProcedureService.swift in Sources */ = {isa = PBXBuildFile; fileRef = 0D55A54C249106BB007684B8 /* ProcedureService.swift */; };
		0D55A54F24910716007684B8 /* CalendarView.swift in Sources */ = {isa = PBXBuildFile; fileRef = 0D55A54E24910716007684B8 /* CalendarView.swift */; };
		0D55A5512491072E007684B8 /* EditEventView.swift in Sources */ = {isa = PBXBuildFile; fileRef = 0D55A5502491072E007684B8 /* EditEventView.swift */; };
		0D55A55324910743007684B8 /* CreateEventView.swift in Sources */ = {isa = PBXBuildFile; fileRef = 0D55A55224910743007684B8 /* CreateEventView.swift */; };
		0D55A5552491075B007684B8 /* EventCardView.swift in Sources */ = {isa = PBXBuildFile; fileRef = 0D55A5542491075B007684B8 /* EventCardView.swift */; };
		0D55A55724910771007684B8 /* EventsListView.swift in Sources */ = {isa = PBXBuildFile; fileRef = 0D55A55624910771007684B8 /* EventsListView.swift */; };
		0D55A55924910788007684B8 /* HeaderView.swift in Sources */ = {isa = PBXBuildFile; fileRef = 0D55A55824910788007684B8 /* HeaderView.swift */; };
		0D55A55B249107A1007684B8 /* LoadingView.swift in Sources */ = {isa = PBXBuildFile; fileRef = 0D55A55A249107A1007684B8 /* LoadingView.swift */; };
		0D55A55D249107B5007684B8 /* EventsView.swift in Sources */ = {isa = PBXBuildFile; fileRef = 0D55A55C249107B5007684B8 /* EventsView.swift */; };
		0D55A55F249107D0007684B8 /* ContentView.swift in Sources */ = {isa = PBXBuildFile; fileRef = 0D55A55E249107D0007684B8 /* ContentView.swift */; };
		0D55A562249107FE007684B8 /* CustomAlert.swift in Sources */ = {isa = PBXBuildFile; fileRef = 0D55A561249107FE007684B8 /* CustomAlert.swift */; };
		0D55A56424910813007684B8 /* LabelTextField.swift in Sources */ = {isa = PBXBuildFile; fileRef = 0D55A56324910813007684B8 /* LabelTextField.swift */; };
		0D55A56624910856007684B8 /* Master.swift in Sources */ = {isa = PBXBuildFile; fileRef = 0D55A56524910856007684B8 /* Master.swift */; };
		0D55A5682491086A007684B8 /* Procedure.swift in Sources */ = {isa = PBXBuildFile; fileRef = 0D55A5672491086A007684B8 /* Procedure.swift */; };
		0D55A56A24910883007684B8 /* Event.swift in Sources */ = {isa = PBXBuildFile; fileRef = 0D55A56924910883007684B8 /* Event.swift */; };
		0D55A56C24910898007684B8 /* CreateResponse.swift in Sources */ = {isa = PBXBuildFile; fileRef = 0D55A56B24910898007684B8 /* CreateResponse.swift */; };
		0D55A56F249108D4007684B8 /* Extensions.swift in Sources */ = {isa = PBXBuildFile; fileRef = 0D55A56E249108D4007684B8 /* Extensions.swift */; };
		0D9F76C423FB212F0093558B /* EventViewModel.swift in Sources */ = {isa = PBXBuildFile; fileRef = 0D9F76C323FB212F0093558B /* EventViewModel.swift */; };
/* End PBXBuildFile section */

/* Begin PBXFileReference section */
		0D11A11E23672B5000C17F61 /* b_color.app */ = {isa = PBXFileReference; explicitFileType = wrapper.application; includeInIndex = 0; path = b_color.app; sourceTree = BUILT_PRODUCTS_DIR; };
		0D11A12123672B5000C17F61 /* AppDelegate.swift */ = {isa = PBXFileReference; lastKnownFileType = sourcecode.swift; path = AppDelegate.swift; sourceTree = "<group>"; };
		0D11A12323672B5000C17F61 /* SceneDelegate.swift */ = {isa = PBXFileReference; lastKnownFileType = sourcecode.swift; path = SceneDelegate.swift; sourceTree = "<group>"; };
		0D11A12723672B5200C17F61 /* Assets.xcassets */ = {isa = PBXFileReference; lastKnownFileType = folder.assetcatalog; path = Assets.xcassets; sourceTree = "<group>"; };
		0D11A12A23672B5200C17F61 /* Preview Assets.xcassets */ = {isa = PBXFileReference; lastKnownFileType = folder.assetcatalog; path = "Preview Assets.xcassets"; sourceTree = "<group>"; };
		0D11A12D23672B5200C17F61 /* Base */ = {isa = PBXFileReference; lastKnownFileType = file.storyboard; name = Base; path = Base.lproj/LaunchScreen.storyboard; sourceTree = "<group>"; };
		0D11A12F23672B5200C17F61 /* Info.plist */ = {isa = PBXFileReference; lastKnownFileType = text.plist.xml; path = Info.plist; sourceTree = "<group>"; };
		0D55A54824910682007684B8 /* MasterService.swift */ = {isa = PBXFileReference; lastKnownFileType = sourcecode.swift; path = MasterService.swift; sourceTree = "<group>"; };
		0D55A54A249106A5007684B8 /* EventService.swift */ = {isa = PBXFileReference; lastKnownFileType = sourcecode.swift; path = EventService.swift; sourceTree = "<group>"; };
		0D55A54C249106BB007684B8 /* ProcedureService.swift */ = {isa = PBXFileReference; lastKnownFileType = sourcecode.swift; path = ProcedureService.swift; sourceTree = "<group>"; };
		0D55A54E24910716007684B8 /* CalendarView.swift */ = {isa = PBXFileReference; lastKnownFileType = sourcecode.swift; path = CalendarView.swift; sourceTree = "<group>"; };
		0D55A5502491072E007684B8 /* EditEventView.swift */ = {isa = PBXFileReference; lastKnownFileType = sourcecode.swift; path = EditEventView.swift; sourceTree = "<group>"; };
		0D55A55224910743007684B8 /* CreateEventView.swift */ = {isa = PBXFileReference; lastKnownFileType = sourcecode.swift; path = CreateEventView.swift; sourceTree = "<group>"; };
		0D55A5542491075B007684B8 /* EventCardView.swift */ = {isa = PBXFileReference; lastKnownFileType = sourcecode.swift; path = EventCardView.swift; sourceTree = "<group>"; };
		0D55A55624910771007684B8 /* EventsListView.swift */ = {isa = PBXFileReference; lastKnownFileType = sourcecode.swift; path = EventsListView.swift; sourceTree = "<group>"; };
		0D55A55824910788007684B8 /* HeaderView.swift */ = {isa = PBXFileReference; lastKnownFileType = sourcecode.swift; path = HeaderView.swift; sourceTree = "<group>"; };
		0D55A55A249107A1007684B8 /* LoadingView.swift */ = {isa = PBXFileReference; lastKnownFileType = sourcecode.swift; path = LoadingView.swift; sourceTree = "<group>"; };
		0D55A55C249107B5007684B8 /* EventsView.swift */ = {isa = PBXFileReference; lastKnownFileType = sourcecode.swift; path = EventsView.swift; sourceTree = "<group>"; };
		0D55A55E249107D0007684B8 /* ContentView.swift */ = {isa = PBXFileReference; lastKnownFileType = sourcecode.swift; path = ContentView.swift; sourceTree = "<group>"; };
		0D55A561249107FE007684B8 /* CustomAlert.swift */ = {isa = PBXFileReference; lastKnownFileType = sourcecode.swift; path = CustomAlert.swift; sourceTree = "<group>"; };
		0D55A56324910813007684B8 /* LabelTextField.swift */ = {isa = PBXFileReference; lastKnownFileType = sourcecode.swift; path = LabelTextField.swift; sourceTree = "<group>"; };
		0D55A56524910856007684B8 /* Master.swift */ = {isa = PBXFileReference; lastKnownFileType = sourcecode.swift; path = Master.swift; sourceTree = "<group>"; };
		0D55A5672491086A007684B8 /* Procedure.swift */ = {isa = PBXFileReference; lastKnownFileType = sourcecode.swift; path = Procedure.swift; sourceTree = "<group>"; };
		0D55A56924910883007684B8 /* Event.swift */ = {isa = PBXFileReference; lastKnownFileType = sourcecode.swift; path = Event.swift; sourceTree = "<group>"; };
		0D55A56B24910898007684B8 /* CreateResponse.swift */ = {isa = PBXFileReference; lastKnownFileType = sourcecode.swift; path = CreateResponse.swift; sourceTree = "<group>"; };
		0D55A56E249108D4007684B8 /* Extensions.swift */ = {isa = PBXFileReference; lastKnownFileType = sourcecode.swift; path = Extensions.swift; sourceTree = "<group>"; };
		0D9EC5F9236CBA4E00A7A3BA /* ru */ = {isa = PBXFileReference; lastKnownFileType = text.plist.strings; name = ru; path = ru.lproj/LaunchScreen.strings; sourceTree = "<group>"; };
		0D9F76C323FB212F0093558B /* EventViewModel.swift */ = {isa = PBXFileReference; lastKnownFileType = sourcecode.swift; path = EventViewModel.swift; sourceTree = "<group>"; };
/* End PBXFileReference section */

/* Begin PBXFrameworksBuildPhase section */
		0D11A11B23672B5000C17F61 /* Frameworks */ = {
			isa = PBXFrameworksBuildPhase;
			buildActionMask = 2147483647;
			files = (
			);
			runOnlyForDeploymentPostprocessing = 0;
		};
/* End PBXFrameworksBuildPhase section */

/* Begin PBXGroup section */
		0D11A11523672B5000C17F61 = {
			isa = PBXGroup;
			children = (
				0D11A12023672B5000C17F61 /* b_color */,
				0D11A11F23672B5000C17F61 /* Products */,
			);
			sourceTree = "<group>";
		};
		0D11A11F23672B5000C17F61 /* Products */ = {
			isa = PBXGroup;
			children = (
				0D11A11E23672B5000C17F61 /* b_color.app */,
			);
			name = Products;
			sourceTree = "<group>";
		};
		0D11A12023672B5000C17F61 /* b_color */ = {
			isa = PBXGroup;
			children = (
				0D55A56D249108AF007684B8 /* Utils */,
				0D11A12123672B5000C17F61 /* AppDelegate.swift */,
				0D11A12323672B5000C17F61 /* SceneDelegate.swift */,
				0D11A12723672B5200C17F61 /* Assets.xcassets */,
				0D11A12C23672B5200C17F61 /* LaunchScreen.storyboard */,
				0D11A12F23672B5200C17F61 /* Info.plist */,
				0D11A12923672B5200C17F61 /* Preview Content */,
				0D602D72238DAF21008BF57E /* Network */,
				0D4146B72370BDA200940CE9 /* ViewModels */,
				0DDF8C9B236B76C500461544 /* Views */,
				0DDF8C99236B766D00461544 /* Models */,
			);
			path = b_color;
			sourceTree = "<group>";
		};
		0D11A12923672B5200C17F61 /* Preview Content */ = {
			isa = PBXGroup;
			children = (
				0D11A12A23672B5200C17F61 /* Preview Assets.xcassets */,
			);
			path = "Preview Content";
			sourceTree = "<group>";
		};
		0D4146B72370BDA200940CE9 /* ViewModels */ = {
			isa = PBXGroup;
			children = (
				0D9F76C323FB212F0093558B /* EventViewModel.swift */,
			);
			path = ViewModels;
			sourceTree = "<group>";
		};
		0D55A560249107E4007684B8 /* CustomComponents */ = {
			isa = PBXGroup;
			children = (
				0D55A561249107FE007684B8 /* CustomAlert.swift */,
				0D55A56324910813007684B8 /* LabelTextField.swift */,
			);
			path = CustomComponents;
			sourceTree = "<group>";
		};
		0D55A56D249108AF007684B8 /* Utils */ = {
			isa = PBXGroup;
			children = (
				0D55A56E249108D4007684B8 /* Extensions.swift */,
			);
			path = Utils;
			sourceTree = "<group>";
		};
		0D602D72238DAF21008BF57E /* Network */ = {
			isa = PBXGroup;
			children = (
				0D55A54824910682007684B8 /* MasterService.swift */,
				0D55A54A249106A5007684B8 /* EventService.swift */,
				0D55A54C249106BB007684B8 /* ProcedureService.swift */,
			);
			path = Network;
			sourceTree = "<group>";
		};
		0DDF8C99236B766D00461544 /* Models */ = {
			isa = PBXGroup;
			children = (
				0D55A56524910856007684B8 /* Master.swift */,
				0D55A5672491086A007684B8 /* Procedure.swift */,
				0D55A56924910883007684B8 /* Event.swift */,
				0D55A56B24910898007684B8 /* CreateResponse.swift */,
			);
			path = Models;
			sourceTree = "<group>";
		};
		0DDF8C9B236B76C500461544 /* Views */ = {
			isa = PBXGroup;
			children = (
				0D55A560249107E4007684B8 /* CustomComponents */,
				0D55A54E24910716007684B8 /* CalendarView.swift */,
				0D55A5502491072E007684B8 /* EditEventView.swift */,
				0D55A55224910743007684B8 /* CreateEventView.swift */,
				0D55A5542491075B007684B8 /* EventCardView.swift */,
				0D55A55624910771007684B8 /* EventsListView.swift */,
				0D55A55824910788007684B8 /* HeaderView.swift */,
				0D55A55A249107A1007684B8 /* LoadingView.swift */,
				0D55A55C249107B5007684B8 /* EventsView.swift */,
				0D55A55E249107D0007684B8 /* ContentView.swift */,
			);
			path = Views;
			sourceTree = "<group>";
		};
/* End PBXGroup section */

/* Begin PBXNativeTarget section */
		0D11A11D23672B5000C17F61 /* b_color */ = {
			isa = PBXNativeTarget;
			buildConfigurationList = 0D11A13223672B5200C17F61 /* Build configuration list for PBXNativeTarget "b_color" */;
			buildPhases = (
				0D11A11A23672B5000C17F61 /* Sources */,
				0D11A11B23672B5000C17F61 /* Frameworks */,
				0D11A11C23672B5000C17F61 /* Resources */,
			);
			buildRules = (
			);
			dependencies = (
			);
			name = b_color;
			productName = b_color;
			productReference = 0D11A11E23672B5000C17F61 /* b_color.app */;
			productType = "com.apple.product-type.application";
		};
/* End PBXNativeTarget section */

/* Begin PBXProject section */
		0D11A11623672B5000C17F61 /* Project object */ = {
			isa = PBXProject;
			attributes = {
				KnownAssetTags = (
					New,
				);
				LastSwiftUpdateCheck = 1100;
				LastUpgradeCheck = 1100;
				ORGANIZATIONNAME = "Dmitriy Nazarenko";
				TargetAttributes = {
					0D11A11D23672B5000C17F61 = {
						CreatedOnToolsVersion = 11.0;
					};
				};
			};
			buildConfigurationList = 0D11A11923672B5000C17F61 /* Build configuration list for PBXProject "b_color" */;
			compatibilityVersion = "Xcode 9.3";
			developmentRegion = en;
			hasScannedForEncodings = 0;
			knownRegions = (
				en,
				Base,
				ru,
			);
			mainGroup = 0D11A11523672B5000C17F61;
			productRefGroup = 0D11A11F23672B5000C17F61 /* Products */;
			projectDirPath = "";
			projectRoot = "";
			targets = (
				0D11A11D23672B5000C17F61 /* b_color */,
			);
		};
/* End PBXProject section */

/* Begin PBXResourcesBuildPhase section */
		0D11A11C23672B5000C17F61 /* Resources */ = {
			isa = PBXResourcesBuildPhase;
			buildActionMask = 2147483647;
			files = (
				0D11A12E23672B5200C17F61 /* LaunchScreen.storyboard in Resources */,
				0D11A12B23672B5200C17F61 /* Preview Assets.xcassets in Resources */,
				0D11A12823672B5200C17F61 /* Assets.xcassets in Resources */,
			);
			runOnlyForDeploymentPostprocessing = 0;
		};
/* End PBXResourcesBuildPhase section */

/* Begin PBXSourcesBuildPhase section */
		0D11A11A23672B5000C17F61 /* Sources */ = {
			isa = PBXSourcesBuildPhase;
			buildActionMask = 2147483647;
			files = (
				0D55A55924910788007684B8 /* HeaderView.swift in Sources */,
				0D55A55F249107D0007684B8 /* ContentView.swift in Sources */,
				0D9F76C423FB212F0093558B /* EventViewModel.swift in Sources */,
				0D11A12223672B5000C17F61 /* AppDelegate.swift in Sources */,
				0D55A56A24910883007684B8 /* Event.swift in Sources */,
				0D55A54B249106A5007684B8 /* EventService.swift in Sources */,
				0D55A55724910771007684B8 /* EventsListView.swift in Sources */,
				0D55A5682491086A007684B8 /* Procedure.swift in Sources */,
				0D55A56C24910898007684B8 /* CreateResponse.swift in Sources */,
				0D55A56F249108D4007684B8 /* Extensions.swift in Sources */,
				0D55A5552491075B007684B8 /* EventCardView.swift in Sources */,
				0D55A54F24910716007684B8 /* CalendarView.swift in Sources */,
				0D55A562249107FE007684B8 /* CustomAlert.swift in Sources */,
				0D55A56424910813007684B8 /* LabelTextField.swift in Sources */,
				0D55A54D249106BB007684B8 /* ProcedureService.swift in Sources */,
				0D55A55D249107B5007684B8 /* EventsView.swift in Sources */,
				0D11A12423672B5000C17F61 /* SceneDelegate.swift in Sources */,
				0D55A54924910682007684B8 /* MasterService.swift in Sources */,
				0D55A55324910743007684B8 /* CreateEventView.swift in Sources */,
				0D55A56624910856007684B8 /* Master.swift in Sources */,
				0D55A55B249107A1007684B8 /* LoadingView.swift in Sources */,
				0D55A5512491072E007684B8 /* EditEventView.swift in Sources */,
			);
			runOnlyForDeploymentPostprocessing = 0;
		};
/* End PBXSourcesBuildPhase section */

/* Begin PBXVariantGroup section */
		0D11A12C23672B5200C17F61 /* LaunchScreen.storyboard */ = {
			isa = PBXVariantGroup;
			children = (
				0D11A12D23672B5200C17F61 /* Base */,
				0D9EC5F9236CBA4E00A7A3BA /* ru */,
			);
			name = LaunchScreen.storyboard;
			sourceTree = "<group>";
		};
/* End PBXVariantGroup section */

/* Begin XCBuildConfiguration section */
		0D11A13023672B5200C17F61 /* Debug */ = {
			isa = XCBuildConfiguration;
			buildSettings = {
				ALWAYS_SEARCH_USER_PATHS = NO;
				CLANG_ANALYZER_LOCALIZABILITY_NONLOCALIZED = YES;
				CLANG_ANALYZER_NONNULL = YES;
				CLANG_ANALYZER_NUMBER_OBJECT_CONVERSION = YES_AGGRESSIVE;
				CLANG_CXX_LANGUAGE_STANDARD = "gnu++14";
				CLANG_CXX_LIBRARY = "libc++";
				CLANG_ENABLE_MODULES = YES;
				CLANG_ENABLE_OBJC_ARC = YES;
				CLANG_ENABLE_OBJC_WEAK = YES;
				CLANG_WARN_BLOCK_CAPTURE_AUTORELEASING = YES;
				CLANG_WARN_BOOL_CONVERSION = YES;
				CLANG_WARN_COMMA = YES;
				CLANG_WARN_CONSTANT_CONVERSION = YES;
				CLANG_WARN_DEPRECATED_OBJC_IMPLEMENTATIONS = YES;
				CLANG_WARN_DIRECT_OBJC_ISA_USAGE = YES_ERROR;
				CLANG_WARN_DOCUMENTATION_COMMENTS = YES;
				CLANG_WARN_EMPTY_BODY = YES;
				CLANG_WARN_ENUM_CONVERSION = YES;
				CLANG_WARN_INFINITE_RECURSION = YES;
				CLANG_WARN_INT_CONVERSION = YES;
				CLANG_WARN_NON_LITERAL_NULL_CONVERSION = YES;
				CLANG_WARN_OBJC_IMPLICIT_RETAIN_SELF = YES;
				CLANG_WARN_OBJC_LITERAL_CONVERSION = YES;
				CLANG_WARN_OBJC_ROOT_CLASS = YES_ERROR;
				CLANG_WARN_RANGE_LOOP_ANALYSIS = YES;
				CLANG_WARN_STRICT_PROTOTYPES = YES;
				CLANG_WARN_SUSPICIOUS_MOVE = YES;
				CLANG_WARN_UNGUARDED_AVAILABILITY = YES_AGGRESSIVE;
				CLANG_WARN_UNREACHABLE_CODE = YES;
				CLANG_WARN__DUPLICATE_METHOD_MATCH = YES;
				COPY_PHASE_STRIP = NO;
				DEBUG_INFORMATION_FORMAT = dwarf;
				ENABLE_STRICT_OBJC_MSGSEND = YES;
				ENABLE_TESTABILITY = YES;
				GCC_C_LANGUAGE_STANDARD = gnu11;
				GCC_DYNAMIC_NO_PIC = NO;
				GCC_NO_COMMON_BLOCKS = YES;
				GCC_OPTIMIZATION_LEVEL = 0;
				GCC_PREPROCESSOR_DEFINITIONS = (
					"DEBUG=1",
					"$(inherited)",
				);
				GCC_WARN_64_TO_32_BIT_CONVERSION = YES;
				GCC_WARN_ABOUT_RETURN_TYPE = YES_ERROR;
				GCC_WARN_UNDECLARED_SELECTOR = YES;
				GCC_WARN_UNINITIALIZED_AUTOS = YES_AGGRESSIVE;
				GCC_WARN_UNUSED_FUNCTION = YES;
				GCC_WARN_UNUSED_VARIABLE = YES;
				IPHONEOS_DEPLOYMENT_TARGET = 13.0;
				MTL_ENABLE_DEBUG_INFO = INCLUDE_SOURCE;
				MTL_FAST_MATH = YES;
				ONLY_ACTIVE_ARCH = YES;
				SDKROOT = iphoneos;
				SWIFT_ACTIVE_COMPILATION_CONDITIONS = DEBUG;
				SWIFT_OPTIMIZATION_LEVEL = "-Onone";
			};
			name = Debug;
		};
		0D11A13123672B5200C17F61 /* Release */ = {
			isa = XCBuildConfiguration;
			buildSettings = {
				ALWAYS_SEARCH_USER_PATHS = NO;
				CLANG_ANALYZER_LOCALIZABILITY_NONLOCALIZED = YES;
				CLANG_ANALYZER_NONNULL = YES;
				CLANG_ANALYZER_NUMBER_OBJECT_CONVERSION = YES_AGGRESSIVE;
				CLANG_CXX_LANGUAGE_STANDARD = "gnu++14";
				CLANG_CXX_LIBRARY = "libc++";
				CLANG_ENABLE_MODULES = YES;
				CLANG_ENABLE_OBJC_ARC = YES;
				CLANG_ENABLE_OBJC_WEAK = YES;
				CLANG_WARN_BLOCK_CAPTURE_AUTORELEASING = YES;
				CLANG_WARN_BOOL_CONVERSION = YES;
				CLANG_WARN_COMMA = YES;
				CLANG_WARN_CONSTANT_CONVERSION = YES;
				CLANG_WARN_DEPRECATED_OBJC_IMPLEMENTATIONS = YES;
				CLANG_WARN_DIRECT_OBJC_ISA_USAGE = YES_ERROR;
				CLANG_WARN_DOCUMENTATION_COMMENTS = YES;
				CLANG_WARN_EMPTY_BODY = YES;
				CLANG_WARN_ENUM_CONVERSION = YES;
				CLANG_WARN_INFINITE_RECURSION = YES;
				CLANG_WARN_INT_CONVERSION = YES;
				CLANG_WARN_NON_LITERAL_NULL_CONVERSION = YES;
				CLANG_WARN_OBJC_IMPLICIT_RETAIN_SELF = YES;
				CLANG_WARN_OBJC_LITERAL_CONVERSION = YES;
				CLANG_WARN_OBJC_ROOT_CLASS = YES_ERROR;
				CLANG_WARN_RANGE_LOOP_ANALYSIS = YES;
				CLANG_WARN_STRICT_PROTOTYPES = YES;
				CLANG_WARN_SUSPICIOUS_MOVE = YES;
				CLANG_WARN_UNGUARDED_AVAILABILITY = YES_AGGRESSIVE;
				CLANG_WARN_UNREACHABLE_CODE = YES;
				CLANG_WARN__DUPLICATE_METHOD_MATCH = YES;
				COPY_PHASE_STRIP = NO;
				DEBUG_INFORMATION_FORMAT = "dwarf-with-dsym";
				ENABLE_NS_ASSERTIONS = NO;
				ENABLE_STRICT_OBJC_MSGSEND = YES;
				GCC_C_LANGUAGE_STANDARD = gnu11;
				GCC_NO_COMMON_BLOCKS = YES;
				GCC_WARN_64_TO_32_BIT_CONVERSION = YES;
				GCC_WARN_ABOUT_RETURN_TYPE = YES_ERROR;
				GCC_WARN_UNDECLARED_SELECTOR = YES;
				GCC_WARN_UNINITIALIZED_AUTOS = YES_AGGRESSIVE;
				GCC_WARN_UNUSED_FUNCTION = YES;
				GCC_WARN_UNUSED_VARIABLE = YES;
				IPHONEOS_DEPLOYMENT_TARGET = 13.0;
				MTL_ENABLE_DEBUG_INFO = NO;
				MTL_FAST_MATH = YES;
				SDKROOT = iphoneos;
				SWIFT_COMPILATION_MODE = wholemodule;
				SWIFT_OPTIMIZATION_LEVEL = "-O";
				VALIDATE_PRODUCT = YES;
			};
			name = Release;
		};
		0D11A13323672B5200C17F61 /* Debug */ = {
			isa = XCBuildConfiguration;
			buildSettings = {
				ASSETCATALOG_COMPILER_APPICON_NAME = AppIcon;
				CODE_SIGN_STYLE = Automatic;
				DEVELOPMENT_ASSET_PATHS = "\"b_color/Preview Content\"";
				DEVELOPMENT_TEAM = LC969W7HM7;
				ENABLE_PREVIEWS = YES;
				INFOPLIST_FILE = b_color/Info.plist;
				LD_RUNPATH_SEARCH_PATHS = (
					"$(inherited)",
					"@executable_path/Frameworks",
				);
				PRODUCT_BUNDLE_IDENTIFIER = "ua.home.b-color";
				PRODUCT_NAME = "$(TARGET_NAME)";
				SWIFT_VERSION = 5.0;
				TARGETED_DEVICE_FAMILY = "1,2";
			};
			name = Debug;
		};
		0D11A13423672B5200C17F61 /* Release */ = {
			isa = XCBuildConfiguration;
			buildSettings = {
				ASSETCATALOG_COMPILER_APPICON_NAME = AppIcon;
				CODE_SIGN_STYLE = Automatic;
				DEVELOPMENT_ASSET_PATHS = "\"b_color/Preview Content\"";
				DEVELOPMENT_TEAM = LC969W7HM7;
				ENABLE_PREVIEWS = YES;
				INFOPLIST_FILE = b_color/Info.plist;
				LD_RUNPATH_SEARCH_PATHS = (
					"$(inherited)",
					"@executable_path/Frameworks",
				);
				PRODUCT_BUNDLE_IDENTIFIER = "ua.home.b-color";
				PRODUCT_NAME = "$(TARGET_NAME)";
				SWIFT_VERSION = 5.0;
				TARGETED_DEVICE_FAMILY = "1,2";
			};
			name = Release;
		};
/* End XCBuildConfiguration section */

/* Begin XCConfigurationList section */
		0D11A11923672B5000C17F61 /* Build configuration list for PBXProject "b_color" */ = {
			isa = XCConfigurationList;
			buildConfigurations = (
				0D11A13023672B5200C17F61 /* Debug */,
				0D11A13123672B5200C17F61 /* Release */,
			);
			defaultConfigurationIsVisible = 0;
			defaultConfigurationName = Release;
		};
		0D11A13223672B5200C17F61 /* Build configuration list for PBXNativeTarget "b_color" */ = {
			isa = XCConfigurationList;
			buildConfigurations = (
				0D11A13323672B5200C17F61 /* Debug */,
				0D11A13423672B5200C17F61 /* Release */,
			);
			defaultConfigurationIsVisible = 0;
			defaultConfigurationName = Release;
		};
/* End XCConfigurationList section */
	};
	rootObject = 0D11A11623672B5000C17F61 /* Project object */;
}
